
Microsoft Visual Studio Solution File, Format Version 12.00
# Visual Studio 14
VisualStudioVersion = 14.0.25420.1
MinimumVisualStudioVersion = 10.0.40219.1
Project("{2150E333-8FDC-42A3-9474-1A3956D46DE8}") = "src", "src", "{EFF53AE0-5048-4F9A-B82F-53A6E8039340}"
EndProject
Project("{2150E333-8FDC-42A3-9474-1A3956D46DE8}") = "Solution Items", "Solution Items", "{BE531892-260B-4F0F-AA12-8F1D4E283912}"
	ProjectSection(SolutionItems) = preProject
		global.json = global.json
	EndProjectSection
EndProject
Project("{8BB2217D-0F2D-49D1-97BC-3654ED321F3B}") = "WickedBanana", "src\WickedBanana\WickedBanana.xproj", "{2B663FF8-1FAB-4D99-AD56-BB68851E111F}"
EndProject
Project("{2150E333-8FDC-42A3-9474-1A3956D46DE8}") = "Tests", "Tests", "{1651606E-E4AB-4CF2-AB5A-ECBB48E6B234}"
EndProject
Project("{8BB2217D-0F2D-49D1-97BC-3654ED321F3B}") = "WickedBananaTests", "WickedBananaTests\WickedBananaTests.xproj", "{9957C5B9-73F1-4338-BAC0-B07C7D809CCE}"
EndProject
Global
	GlobalSection(SolutionConfigurationPlatforms) = preSolution
		Debug|Any CPU = Debug|Any CPU
		Release|Any CPU = Release|Any CPU
	EndGlobalSection
	GlobalSection(ProjectConfigurationPlatforms) = postSolution
		{2B663FF8-1FAB-4D99-AD56-BB68851E111F}.Debug|Any CPU.ActiveCfg = Debug|Any CPU
		{2B663FF8-1FAB-4D99-AD56-BB68851E111F}.Debug|Any CPU.Build.0 = Debug|Any CPU
		{2B663FF8-1FAB-4D99-AD56-BB68851E111F}.Release|Any CPU.ActiveCfg = Release|Any CPU
		{2B663FF8-1FAB-4D99-AD56-BB68851E111F}.Release|Any CPU.Build.0 = Release|Any CPU
		{9957C5B9-73F1-4338-BAC0-B07C7D809CCE}.Debug|Any CPU.ActiveCfg = Debug|Any CPU
		{9957C5B9-73F1-4338-BAC0-B07C7D809CCE}.Debug|Any CPU.Build.0 = Debug|Any CPU
		{9957C5B9-73F1-4338-BAC0-B07C7D809CCE}.Release|Any CPU.ActiveCfg = Release|Any CPU
		{9957C5B9-73F1-4338-BAC0-B07C7D809CCE}.Release|Any CPU.Build.0 = Release|Any CPU
	EndGlobalSection
	GlobalSection(SolutionProperties) = preSolution
		HideSolutionNode = FALSE
	EndGlobalSection
	GlobalSection(NestedProjects) = preSolution
		{2B663FF8-1FAB-4D99-AD56-BB68851E111F} = {EFF53AE0-5048-4F9A-B82F-53A6E8039340}
		{1651606E-E4AB-4CF2-AB5A-ECBB48E6B234} = {EFF53AE0-5048-4F9A-B82F-53A6E8039340}
		{9957C5B9-73F1-4338-BAC0-B07C7D809CCE} = {1651606E-E4AB-4CF2-AB5A-ECBB48E6B234}
	EndGlobalSection
EndGlobal
